{
  "version": 4,
  "terraform_version": "1.14.1",
  "serial": 13,
  "lineage": "c3722580-2fab-b78d-b665-082315deac34",
  "outputs": {
    "alb_arn": {
      "value": "arn:aws:elasticloadbalancing:us-east-1:004276707835:loadbalancer/app/app-alb/362ed85374cf423e",
      "type": "string"
    },
    "alb_dns_name": {
      "value": "app-alb-1522950968.us-east-1.elb.amazonaws.com",
      "type": "string"
    },
    "alb_sg_id": {
      "value": "sg-0d91d53a67e73810c",
      "type": "string"
    },
    "asg_desired_capacity": {
      "value": 4,
      "type": "number"
    },
    "instance_sg_id": {
      "value": "sg-0e712a77c329304db",
      "type": "string"
    },
    "launch_template_arn": {
      "value": "arn:aws:ec2:us-east-1:004276707835:launch-template/lt-0513c6f715de43189",
      "type": "string"
    },
    "listener_arn": {
      "value": "arn:aws:elasticloadbalancing:us-east-1:004276707835:listener/app/app-alb/362ed85374cf423e/92da0926e0d7ecee",
      "type": "string"
    },
    "ssh_private_key_file": {
      "value": "app-server.pem",
      "type": "string"
    },
    "subnets_ids": {
      "value": [
        "subnet-0abc8e7006cc1c003",
        "subnet-02f7297075b7540f2",
        "subnet-057946b4f7c9e2b8d",
        "subnet-086922b1e5177f52b",
        "subnet-03d4acd413ef133b5",
        "subnet-06f968919f7d71ae9"
      ],
      "type": [
        "list",
        "string"
      ]
    },
    "target_group_arn": {
      "value": "arn:aws:elasticloadbalancing:us-east-1:004276707835:targetgroup/app-tg/90b711db937de91b",
      "type": "string"
    }
  },
  "resources": [
    {
      "mode": "data",
      "type": "aws_subnets",
      "name": "default",
      "provider": "provider[\"registry.terraform.io/hashicorp/aws\"]",
      "instances": [
        {
          "schema_version": 0,
          "attributes": {
            "filter": [
              {
                "name": "vpc-id",
                "values": [
                  "vpc-0e4d9c7aefee4a59a"
                ]
              }
            ],
            "id": "us-east-1",
            "ids": [
              "subnet-0abc8e7006cc1c003",
              "subnet-02f7297075b7540f2",
              "subnet-057946b4f7c9e2b8d",
              "subnet-086922b1e5177f52b",
              "subnet-03d4acd413ef133b5",
              "subnet-06f968919f7d71ae9"
            ],
            "region": "us-east-1",
            "tags": null,
            "timeouts": null
          },
          "sensitive_attributes": [],
          "identity_schema_version": 0
        }
      ]
    },
    {
      "mode": "data",
      "type": "aws_vpc",
      "name": "default",
      "provider": "provider[\"registry.terraform.io/hashicorp/aws\"]",
      "instances": [
        {
          "schema_version": 0,
          "attributes": {
            "arn": "arn:aws:ec2:us-east-1:004276707835:vpc/vpc-0e4d9c7aefee4a59a",
            "cidr_block": "172.31.0.0/16",
            "cidr_block_associations": [
              {
                "association_id": "vpc-cidr-assoc-02c06c860b4e7724d",
                "cidr_block": "172.31.0.0/16",
                "state": "associated"
              }
            ],
            "default": true,
            "dhcp_options_id": "dopt-0e054b34e04d0fb89",
            "enable_dns_hostnames": true,
            "enable_dns_support": true,
            "enable_network_address_usage_metrics": false,
            "filter": null,
            "id": "vpc-0e4d9c7aefee4a59a",
            "instance_tenancy": "default",
            "ipv6_association_id": "",
            "ipv6_cidr_block": "",
            "main_route_table_id": "rtb-00018a4bc57fe55e6",
            "owner_id": "004276707835",
            "region": "us-east-1",
            "state": null,
            "tags": {},
            "timeouts": null
          },
          "sensitive_attributes": [],
          "identity_schema_version": 0
        }
      ]
    },
    {
      "mode": "managed",
      "type": "aws_autoscaling_group",
      "name": "app_asg",
      "provider": "provider[\"registry.terraform.io/hashicorp/aws\"]",
      "instances": [
        {
          "status": "tainted",
          "schema_version": 1,
          "attributes": {
            "arn": null,
            "availability_zone_distribution": null,
            "availability_zones": [],
            "capacity_rebalance": null,
            "capacity_reservation_specification": null,
            "context": null,
            "default_cooldown": null,
            "default_instance_warmup": null,
            "desired_capacity": 4,
            "desired_capacity_type": null,
            "enabled_metrics": null,
            "force_delete": false,
            "force_delete_warm_pool": false,
            "health_check_grace_period": 120,
            "health_check_type": "EC2",
            "id": "app-asg",
            "ignore_failed_scaling_activities": false,
            "initial_lifecycle_hook": [],
            "instance_maintenance_policy": [],
            "instance_refresh": [],
            "launch_configuration": null,
            "launch_template": [
              {
                "id": "lt-0513c6f715de43189",
                "name": "",
                "version": "$Latest"
              }
            ],
            "load_balancers": [],
            "max_instance_lifetime": null,
            "max_size": 6,
            "metrics_granularity": "1Minute",
            "min_elb_capacity": null,
            "min_size": 4,
            "mixed_instances_policy": null,
            "name": "app-asg",
            "name_prefix": null,
            "placement_group": null,
            "predicted_capacity": null,
            "protect_from_scale_in": false,
            "region": "us-east-1",
            "service_linked_role_arn": null,
            "suspended_processes": null,
            "tag": [
              {
                "key": "Name",
                "propagate_at_launch": true,
                "value": "app-server"
              }
            ],
            "target_group_arns": [
              "arn:aws:elasticloadbalancing:us-east-1:004276707835:targetgroup/app-tg/90b711db937de91b"
            ],
            "termination_policies": null,
            "timeouts": null,
            "traffic_source": [],
            "vpc_zone_identifier": [
              "subnet-02f7297075b7540f2",
              "subnet-03d4acd413ef133b5",
              "subnet-057946b4f7c9e2b8d",
              "subnet-06f968919f7d71ae9",
              "subnet-086922b1e5177f52b",
              "subnet-0abc8e7006cc1c003"
            ],
            "wait_for_capacity_timeout": "10m",
            "wait_for_elb_capacity": null,
            "warm_pool": [],
            "warm_pool_size": null
          },
          "sensitive_attributes": [],
          "identity_schema_version": 0,
          "private": "eyJlMmJmYjczMC1lY2FhLTExZTYtOGY4OC0zNDM2M2JjN2M0YzAiOnsiZGVsZXRlIjo2MDAwMDAwMDAwMDAsInVwZGF0ZSI6NjAwMDAwMDAwMDAwfSwic2NoZW1hX3ZlcnNpb24iOiIxIn0=",
          "dependencies": [
            "aws_key_pair.app_server_ssh",
            "aws_launch_template.app_lt",
            "aws_lb_target_group.app_tg",
            "aws_security_group.alb_sg",
            "aws_security_group.app_server_sg",
            "data.aws_subnets.default",
            "data.aws_vpc.default",
            "tls_private_key.app_ssh"
          ]
        }
      ]
    },
    {
      "mode": "managed",
      "type": "aws_key_pair",
      "name": "app_server_ssh",
      "provider": "provider[\"registry.terraform.io/hashicorp/aws\"]",
      "instances": [
        {
          "schema_version": 1,
          "attributes": {
            "arn": "arn:aws:ec2:us-east-1:004276707835:key-pair/app-server-ssh",
            "fingerprint": "2b:9a:03:80:09:66:86:1f:56:17:2e:07:74:f5:67:4b",
            "id": "app-server-ssh",
            "key_name": "app-server-ssh",
            "key_name_prefix": "",
            "key_pair_id": "key-0a26da03da25e3fff",
            "key_type": "rsa",
            "public_key": "ssh-rsa AAAAB3NzaC1yc2EAAAADAQABAAACAQDL31tAez4SsI6t8TsGlyDYa5gJPF9BqBKwI3+Sd7UA+bY8io9HFB6ukg7EbROgJ+vieqwVNNO/4waLgmEFWQE450KL45Mp+z3SEwhjyzMo7kVbvx1bLeuyf6Sb1YopjN6Jp91zVyYkEzMSzRo/4KOYM3YBiEuxuPXL9Z7IAZroTaEW5guHh9IUoblTktOqb8Eqy8Szt6XfFvvnEFKYBDEcm89AD/acGQIcTf2yqYeV7AwZ/MAA3y1OZAn/KtSO1tu7zO0ggrlTBH9SqaoPD9BTCr1W3GyJI9I6wHGQdS/vVIyX0qtPK/ZmnCODA+hUcRnLNf5//UQBEJdrrh7Aa+iOP3BET019H+zsP0RygqjsFPW4iBLjZ7HRY50QcYw9DgmIFRnH6aWtwkR4phNITsRfAa2FLsrOGSNBypYIvg0wmijBh9A8i6HYHHvJSk1jiEBmYtOSV9ykliilPoqScyhljK7oh27jwbpMTnudZj2PRj8H7Er0xqup08EcSaZ2fHYpGNQvTEnHezQ6ISA9A+sqRY/MdilHYbluAhNfgesqF4zAyvdbJjDFn2/O7lt1BIqfBrxBCJbd4bSCZLFzCDTankJocsXI7z3Dnf+Pfl35hIyIE74biC1PiHdRMh2aZfdZInr3g9PSNreClmWXmcEr7zH12QLlLpKT3qYs3EmUHw==",
            "region": "us-east-1",
            "tags": {
              "Environment": "test",
              "Name": "app-server-ssh",
              "Owner": "cldiazl@uce.edu.ec",
              "Project": "UCE",
              "Team": "DevOps"
            },
            "tags_all": {
              "Environment": "test",
              "Name": "app-server-ssh",
              "Owner": "cldiazl@uce.edu.ec",
              "Project": "UCE",
              "Team": "DevOps"
            }
          },
          "sensitive_attributes": [],
          "identity_schema_version": 0,
          "private": "eyJzY2hlbWFfdmVyc2lvbiI6IjEifQ==",
          "dependencies": [
            "tls_private_key.app_ssh"
          ]
        }
      ]
    },
    {
      "mode": "managed",
      "type": "aws_launch_template",
      "name": "app_lt",
      "provider": "provider[\"registry.terraform.io/hashicorp/aws\"]",
      "instances": [
        {
          "schema_version": 1,
          "attributes": {
            "arn": "arn:aws:ec2:us-east-1:004276707835:launch-template/lt-0513c6f715de43189",
            "block_device_mappings": [],
            "capacity_reservation_specification": [],
            "cpu_options": [],
            "credit_specification": [],
            "default_version": 1,
            "description": "",
            "disable_api_stop": false,
            "disable_api_termination": false,
            "ebs_optimized": "",
            "enclave_options": [],
            "hibernation_options": [],
            "iam_instance_profile": [],
            "id": "lt-0513c6f715de43189",
            "image_id": "ami-0440d3b780d96b29d",
            "instance_initiated_shutdown_behavior": "",
            "instance_market_options": [],
            "instance_requirements": [],
            "instance_type": "t2.micro",
            "kernel_id": "",
            "key_name": "app-server-ssh",
            "latest_version": 1,
            "license_specification": [],
            "maintenance_options": [],
            "metadata_options": [],
            "monitoring": [],
            "name": "app-lt-20251216045542159000000001",
            "name_prefix": "app-lt-",
            "network_interfaces": [],
            "placement": [],
            "private_dns_name_options": [],
            "ram_disk_id": "",
            "region": "us-east-1",
            "security_group_names": null,
            "tag_specifications": [
              {
                "resource_type": "instance",
                "tags": {
                  "Environment": "test",
                  "Name": "app-server",
                  "Owner": "cldiazl@uce.edu.ec",
                  "Project": "UCE",
                  "Team": "DevOps"
                }
              }
            ],
            "tags": null,
            "tags_all": {},
            "update_default_version": null,
            "user_data": "IyEvYmluL2Jhc2gNCiMgQWN0dWFsaXphciBwYXF1ZXRlcw0KeXVtIHVwZGF0ZSAteQ0KDQojIEluc3RhbGFyIERvY2tlciB5IGdpdA0KeXVtIGluc3RhbGwgLXkgZG9ja2VyIGdpdA0KDQpzeXN0ZW1jdGwgZW5hYmxlIGRvY2tlcg0Kc3lzdGVtY3RsIHN0YXJ0IGRvY2tlcg0KDQojIEluc3RhbGFyIGRvY2tlci1jb21wb3NlIChiaW5hcmlvIGNsw6FzaWNvKQ0KY3VybCAtTCAiaHR0cHM6Ly9naXRodWIuY29tL2RvY2tlci9jb21wb3NlL3JlbGVhc2VzL2Rvd25sb2FkLzEuMjkuMi9kb2NrZXItY29tcG9zZS0kKHVuYW1lIC1zKS0kKHVuYW1lIC1tKSIgXA0KICAtbyAvdXNyL2xvY2FsL2Jpbi9kb2NrZXItY29tcG9zZQ0KY2htb2QgK3ggL3Vzci9sb2NhbC9iaW4vZG9ja2VyLWNvbXBvc2UNCmxuIC1zIC91c3IvbG9jYWwvYmluL2RvY2tlci1jb21wb3NlIC91c3IvYmluL2RvY2tlci1jb21wb3NlIHx8IHRydWUNCg0KIyBQcmVwYXJhciBjYXJwZXRhIGRlIGxhIGFwcA0KbWtkaXIgLXAgL3Nydi9hcHANCmNkIC9zcnYvYXBwDQoNCiMgQ2xvbmFyIHR1IHJlcG8gY29uIGJhY2tlbmQgKyBEQg0KZ2l0IGNsb25lIGh0dHBzOi8vZ2l0aHViLmNvbS9DaHJpc0QxNC9Db3JyZWNpb25EaXN0cmkuZ2l0IC4NCg0KIyBMZXZhbnRhciBsb3MgY29udGVuZWRvcmVzDQpkb2NrZXItY29tcG9zZSBwdWxsIHx8IHRydWUNCmRvY2tlci1jb21wb3NlIHVwIC1kDQo=",
            "vpc_security_group_ids": [
              "sg-0e712a77c329304db"
            ]
          },
          "sensitive_attributes": [],
          "identity_schema_version": 0,
          "private": "eyJzY2hlbWFfdmVyc2lvbiI6IjEifQ==",
          "dependencies": [
            "aws_key_pair.app_server_ssh",
            "aws_security_group.alb_sg",
            "aws_security_group.app_server_sg",
            "data.aws_vpc.default",
            "tls_private_key.app_ssh"
          ]
        }
      ]
    },
    {
      "mode": "managed",
      "type": "aws_lb",
      "name": "app_alb",
      "provider": "provider[\"registry.terraform.io/hashicorp/aws\"]",
      "instances": [
        {
          "schema_version": 0,
          "attributes": {
            "access_logs": [
              {
                "bucket": "",
                "enabled": false,
                "prefix": ""
              }
            ],
            "arn": "arn:aws:elasticloadbalancing:us-east-1:004276707835:loadbalancer/app/app-alb/362ed85374cf423e",
            "arn_suffix": "app/app-alb/362ed85374cf423e",
            "client_keep_alive": 3600,
            "connection_logs": [
              {
                "bucket": "",
                "enabled": false,
                "prefix": ""
              }
            ],
            "customer_owned_ipv4_pool": "",
            "desync_mitigation_mode": "defensive",
            "dns_name": "app-alb-1522950968.us-east-1.elb.amazonaws.com",
            "dns_record_client_routing_policy": null,
            "drop_invalid_header_fields": false,
            "enable_cross_zone_load_balancing": true,
            "enable_deletion_protection": false,
            "enable_http2": true,
            "enable_tls_version_and_cipher_suite_headers": false,
            "enable_waf_fail_open": false,
            "enable_xff_client_port": false,
            "enable_zonal_shift": false,
            "enforce_security_group_inbound_rules_on_private_link_traffic": "",
            "health_check_logs": [
              {
                "bucket": "",
                "enabled": false,
                "prefix": ""
              }
            ],
            "id": "arn:aws:elasticloadbalancing:us-east-1:004276707835:loadbalancer/app/app-alb/362ed85374cf423e",
            "idle_timeout": 60,
            "internal": false,
            "ip_address_type": "ipv4",
            "ipam_pools": [],
            "load_balancer_type": "application",
            "minimum_load_balancer_capacity": [],
            "name": "app-alb",
            "name_prefix": "",
            "preserve_host_header": false,
            "region": "us-east-1",
            "secondary_ips_auto_assigned_per_subnet": null,
            "security_groups": [
              "sg-0d91d53a67e73810c"
            ],
            "subnet_mapping": [
              {
                "allocation_id": "",
                "ipv6_address": "",
                "outpost_id": "",
                "private_ipv4_address": "",
                "subnet_id": "subnet-02f7297075b7540f2"
              },
              {
                "allocation_id": "",
                "ipv6_address": "",
                "outpost_id": "",
                "private_ipv4_address": "",
                "subnet_id": "subnet-03d4acd413ef133b5"
              },
              {
                "allocation_id": "",
                "ipv6_address": "",
                "outpost_id": "",
                "private_ipv4_address": "",
                "subnet_id": "subnet-057946b4f7c9e2b8d"
              },
              {
                "allocation_id": "",
                "ipv6_address": "",
                "outpost_id": "",
                "private_ipv4_address": "",
                "subnet_id": "subnet-06f968919f7d71ae9"
              },
              {
                "allocation_id": "",
                "ipv6_address": "",
                "outpost_id": "",
                "private_ipv4_address": "",
                "subnet_id": "subnet-086922b1e5177f52b"
              },
              {
                "allocation_id": "",
                "ipv6_address": "",
                "outpost_id": "",
                "private_ipv4_address": "",
                "subnet_id": "subnet-0abc8e7006cc1c003"
              }
            ],
            "subnets": [
              "subnet-02f7297075b7540f2",
              "subnet-03d4acd413ef133b5",
              "subnet-057946b4f7c9e2b8d",
              "subnet-06f968919f7d71ae9",
              "subnet-086922b1e5177f52b",
              "subnet-0abc8e7006cc1c003"
            ],
            "tags": {
              "Environment": "test",
              "Name": "app-alb",
              "Owner": "cldiazl@uce.edu.ec"
            },
            "tags_all": {
              "Environment": "test",
              "Name": "app-alb",
              "Owner": "cldiazl@uce.edu.ec"
            },
            "timeouts": null,
            "vpc_id": "vpc-0e4d9c7aefee4a59a",
            "xff_header_processing_mode": "append",
            "zone_id": "Z35SXDOTRQ7X7K"
          },
          "sensitive_attributes": [],
          "identity_schema_version": 0,
          "identity": {
            "arn": "arn:aws:elasticloadbalancing:us-east-1:004276707835:loadbalancer/app/app-alb/362ed85374cf423e"
          },
          "private": "eyJlMmJmYjczMC1lY2FhLTExZTYtOGY4OC0zNDM2M2JjN2M0YzAiOnsiY3JlYXRlIjo2MDAwMDAwMDAwMDAsImRlbGV0ZSI6NjAwMDAwMDAwMDAwLCJ1cGRhdGUiOjYwMDAwMDAwMDAwMH19",
          "dependencies": [
            "aws_security_group.alb_sg",
            "data.aws_subnets.default",
            "data.aws_vpc.default"
          ]
        }
      ]
    },
    {
      "mode": "managed",
      "type": "aws_lb_listener",
      "name": "app_listener",
      "provider": "provider[\"registry.terraform.io/hashicorp/aws\"]",
      "instances": [
        {
          "schema_version": 0,
          "attributes": {
            "alpn_policy": null,
            "arn": "arn:aws:elasticloadbalancing:us-east-1:004276707835:listener/app/app-alb/362ed85374cf423e/92da0926e0d7ecee",
            "certificate_arn": null,
            "default_action": [
              {
                "authenticate_cognito": [],
                "authenticate_oidc": [],
                "fixed_response": [],
                "forward": [],
                "jwt_validation": [],
                "order": 1,
                "redirect": [],
                "target_group_arn": "arn:aws:elasticloadbalancing:us-east-1:004276707835:targetgroup/app-tg/90b711db937de91b",
                "type": "forward"
              }
            ],
            "id": "arn:aws:elasticloadbalancing:us-east-1:004276707835:listener/app/app-alb/362ed85374cf423e/92da0926e0d7ecee",
            "load_balancer_arn": "arn:aws:elasticloadbalancing:us-east-1:004276707835:loadbalancer/app/app-alb/362ed85374cf423e",
            "mutual_authentication": [],
            "port": 80,
            "protocol": "HTTP",
            "region": "us-east-1",
            "routing_http_request_x_amzn_mtls_clientcert_header_name": null,
            "routing_http_request_x_amzn_mtls_clientcert_issuer_header_name": null,
            "routing_http_request_x_amzn_mtls_clientcert_leaf_header_name": null,
            "routing_http_request_x_amzn_mtls_clientcert_serial_number_header_name": null,
            "routing_http_request_x_amzn_mtls_clientcert_subject_header_name": null,
            "routing_http_request_x_amzn_mtls_clientcert_validity_header_name": null,
            "routing_http_request_x_amzn_tls_cipher_suite_header_name": null,
            "routing_http_request_x_amzn_tls_version_header_name": null,
            "routing_http_response_access_control_allow_credentials_header_value": "",
            "routing_http_response_access_control_allow_headers_header_value": "",
            "routing_http_response_access_control_allow_methods_header_value": "",
            "routing_http_response_access_control_allow_origin_header_value": "",
            "routing_http_response_access_control_expose_headers_header_value": "",
            "routing_http_response_access_control_max_age_header_value": "",
            "routing_http_response_content_security_policy_header_value": "",
            "routing_http_response_server_enabled": true,
            "routing_http_response_strict_transport_security_header_value": "",
            "routing_http_response_x_content_type_options_header_value": "",
            "routing_http_response_x_frame_options_header_value": "",
            "ssl_policy": "",
            "tags": {},
            "tags_all": {},
            "tcp_idle_timeout_seconds": null,
            "timeouts": null
          },
          "sensitive_attributes": [],
          "identity_schema_version": 0,
          "identity": {
            "arn": "arn:aws:elasticloadbalancing:us-east-1:004276707835:listener/app/app-alb/362ed85374cf423e/92da0926e0d7ecee"
          },
          "private": "eyJlMmJmYjczMC1lY2FhLTExZTYtOGY4OC0zNDM2M2JjN2M0YzAiOnsiY3JlYXRlIjozMDAwMDAwMDAwMDAsInVwZGF0ZSI6MzAwMDAwMDAwMDAwfX0=",
          "dependencies": [
            "aws_lb.app_alb",
            "aws_lb_target_group.app_tg",
            "aws_security_group.alb_sg",
            "data.aws_subnets.default",
            "data.aws_vpc.default"
          ]
        }
      ]
    },
    {
      "mode": "managed",
      "type": "aws_lb_target_group",
      "name": "app_tg",
      "provider": "provider[\"registry.terraform.io/hashicorp/aws\"]",
      "instances": [
        {
          "schema_version": 0,
          "attributes": {
            "arn": "arn:aws:elasticloadbalancing:us-east-1:004276707835:targetgroup/app-tg/90b711db937de91b",
            "arn_suffix": "targetgroup/app-tg/90b711db937de91b",
            "connection_termination": null,
            "deregistration_delay": "300",
            "health_check": [
              {
                "enabled": true,
                "healthy_threshold": 3,
                "interval": 30,
                "matcher": "200",
                "path": "/health",
                "port": "traffic-port",
                "protocol": "HTTP",
                "timeout": 5,
                "unhealthy_threshold": 2
              }
            ],
            "id": "arn:aws:elasticloadbalancing:us-east-1:004276707835:targetgroup/app-tg/90b711db937de91b",
            "ip_address_type": "ipv4",
            "lambda_multi_value_headers_enabled": false,
            "load_balancer_arns": [
              "arn:aws:elasticloadbalancing:us-east-1:004276707835:loadbalancer/app/app-alb/362ed85374cf423e"
            ],
            "load_balancing_algorithm_type": "round_robin",
            "load_balancing_anomaly_mitigation": "off",
            "load_balancing_cross_zone_enabled": "use_load_balancer_configuration",
            "name": "app-tg",
            "name_prefix": "",
            "port": 80,
            "preserve_client_ip": null,
            "protocol": "HTTP",
            "protocol_version": "HTTP1",
            "proxy_protocol_v2": false,
            "region": "us-east-1",
            "slow_start": 0,
            "stickiness": [
              {
                "cookie_duration": 86400,
                "cookie_name": "",
                "enabled": false,
                "type": "lb_cookie"
              }
            ],
            "tags": {
              "Environment": "test",
              "Name": "app-tg",
              "Owner": "cldiazl@uce.edu.ec"
            },
            "tags_all": {
              "Environment": "test",
              "Name": "app-tg",
              "Owner": "cldiazl@uce.edu.ec"
            },
            "target_control_port": 0,
            "target_failover": [
              {
                "on_deregistration": null,
                "on_unhealthy": null
              }
            ],
            "target_group_health": [
              {
                "dns_failover": [
                  {
                    "minimum_healthy_targets_count": "1",
                    "minimum_healthy_targets_percentage": "off"
                  }
                ],
                "unhealthy_state_routing": [
                  {
                    "minimum_healthy_targets_count": 1,
                    "minimum_healthy_targets_percentage": "off"
                  }
                ]
              }
            ],
            "target_health_state": [
              {
                "enable_unhealthy_connection_termination": null,
                "unhealthy_draining_interval": null
              }
            ],
            "target_type": "instance",
            "vpc_id": "vpc-0e4d9c7aefee4a59a"
          },
          "sensitive_attributes": [],
          "identity_schema_version": 0,
          "identity": {
            "arn": "arn:aws:elasticloadbalancing:us-east-1:004276707835:targetgroup/app-tg/90b711db937de91b"
          },
          "private": "bnVsbA==",
          "dependencies": [
            "data.aws_vpc.default"
          ]
        }
      ]
    },
    {
      "mode": "managed",
      "type": "aws_security_group",
      "name": "alb_sg",
      "provider": "provider[\"registry.terraform.io/hashicorp/aws\"]",
      "instances": [
        {
          "schema_version": 1,
          "attributes": {
            "arn": "arn:aws:ec2:us-east-1:004276707835:security-group/sg-0d91d53a67e73810c",
            "description": "Permite HTTP desde Internet hacia el ALB",
            "egress": [
              {
                "cidr_blocks": [
                  "0.0.0.0/0"
                ],
                "description": "",
                "from_port": 0,
                "ipv6_cidr_blocks": [],
                "prefix_list_ids": [],
                "protocol": "-1",
                "security_groups": [],
                "self": false,
                "to_port": 0
              }
            ],
            "id": "sg-0d91d53a67e73810c",
            "ingress": [
              {
                "cidr_blocks": [
                  "0.0.0.0/0"
                ],
                "description": "",
                "from_port": 80,
                "ipv6_cidr_blocks": [],
                "prefix_list_ids": [],
                "protocol": "tcp",
                "security_groups": [],
                "self": false,
                "to_port": 80
              }
            ],
            "name": "alb-sg",
            "name_prefix": "",
            "owner_id": "004276707835",
            "region": "us-east-1",
            "revoke_rules_on_delete": false,
            "tags": {
              "Environment": "test",
              "Name": "alb-sg",
              "Owner": "cldiazl@uce.edu.ec",
              "Project": "UCE"
            },
            "tags_all": {
              "Environment": "test",
              "Name": "alb-sg",
              "Owner": "cldiazl@uce.edu.ec",
              "Project": "UCE"
            },
            "timeouts": null,
            "vpc_id": "vpc-0e4d9c7aefee4a59a"
          },
          "sensitive_attributes": [],
          "identity_schema_version": 0,
          "identity": {
            "account_id": "004276707835",
            "id": "sg-0d91d53a67e73810c",
            "region": "us-east-1"
          },
          "private": "eyJlMmJmYjczMC1lY2FhLTExZTYtOGY4OC0zNDM2M2JjN2M0YzAiOnsiY3JlYXRlIjo2MDAwMDAwMDAwMDAsImRlbGV0ZSI6OTAwMDAwMDAwMDAwfSwic2NoZW1hX3ZlcnNpb24iOiIxIn0=",
          "dependencies": [
            "data.aws_vpc.default"
          ]
        }
      ]
    },
    {
      "mode": "managed",
      "type": "aws_security_group",
      "name": "app_server_sg",
      "provider": "provider[\"registry.terraform.io/hashicorp/aws\"]",
      "instances": [
        {
          "schema_version": 1,
          "attributes": {
            "arn": "arn:aws:ec2:us-east-1:004276707835:security-group/sg-0e712a77c329304db",
            "description": "Permite HTTP desde el ALB y SSH para administracin",
            "egress": [
              {
                "cidr_blocks": [
                  "0.0.0.0/0"
                ],
                "description": "",
                "from_port": 0,
                "ipv6_cidr_blocks": [],
                "prefix_list_ids": [],
                "protocol": "-1",
                "security_groups": [],
                "self": false,
                "to_port": 0
              }
            ],
            "id": "sg-0e712a77c329304db",
            "ingress": [
              {
                "cidr_blocks": [
                  "0.0.0.0/0"
                ],
                "description": "",
                "from_port": 22,
                "ipv6_cidr_blocks": [],
                "prefix_list_ids": [],
                "protocol": "tcp",
                "security_groups": [],
                "self": false,
                "to_port": 22
              },
              {
                "cidr_blocks": [],
                "description": "",
                "from_port": 80,
                "ipv6_cidr_blocks": [],
                "prefix_list_ids": [],
                "protocol": "tcp",
                "security_groups": [
                  "sg-0d91d53a67e73810c"
                ],
                "self": false,
                "to_port": 80
              }
            ],
            "name": "app-server-sg",
            "name_prefix": "",
            "owner_id": "004276707835",
            "region": "us-east-1",
            "revoke_rules_on_delete": false,
            "tags": {
              "Environment": "test",
              "Name": "app-server-sg",
              "Owner": "cldiazl@uce.edu.ec",
              "Project": "UCE"
            },
            "tags_all": {
              "Environment": "test",
              "Name": "app-server-sg",
              "Owner": "cldiazl@uce.edu.ec",
              "Project": "UCE"
            },
            "timeouts": null,
            "vpc_id": "vpc-0e4d9c7aefee4a59a"
          },
          "sensitive_attributes": [],
          "identity_schema_version": 0,
          "identity": {
            "account_id": "004276707835",
            "id": "sg-0e712a77c329304db",
            "region": "us-east-1"
          },
          "private": "eyJlMmJmYjczMC1lY2FhLTExZTYtOGY4OC0zNDM2M2JjN2M0YzAiOnsiY3JlYXRlIjo2MDAwMDAwMDAwMDAsImRlbGV0ZSI6OTAwMDAwMDAwMDAwfSwic2NoZW1hX3ZlcnNpb24iOiIxIn0=",
          "dependencies": [
            "aws_security_group.alb_sg",
            "data.aws_vpc.default"
          ]
        }
      ]
    },
    {
      "mode": "managed",
      "type": "local_file",
      "name": "ssh_private_key",
      "provider": "provider[\"registry.terraform.io/hashicorp/local\"]",
      "instances": [
        {
          "schema_version": 0,
          "attributes": {
            "content": "-----BEGIN RSA PRIVATE KEY-----\nMIIJJwIBAAKCAgEAy99bQHs+ErCOrfE7Bpcg2GuYCTxfQagSsCN/kne1APm2PIqP\nRxQerpIOxG0ToCfr4nqsFTTTv+MGi4JhBVkBOOdCi+OTKfs90hMIY8szKO5FW78d\nWy3rsn+km9WKKYzeiafdc1cmJBMzEs0aP+CjmDN2AYhLsbj1y/WeyAGa6E2hFuYL\nh4fSFKG5U5LTqm/BKsvEs7el3xb75xBSmAQxHJvPQA/2nBkCHE39sqmHlewMGfzA\nAN8tTmQJ/yrUjtbbu8ztIIK5UwR/UqmqDw/QUwq9VtxsiSPSOsBxkHUv71SMl9Kr\nTyv2ZpwjgwPoVHEZyzX+f/1EARCXa64ewGvojj9wRE9NfR/s7D9EcoKo7BT1uIgS\n42ex0WOdEHGMPQ4JiBUZx+mlrcJEeKYTSE7EXwGthS7KzhkjQcqWCL4NMJoowYfQ\nPIuh2Bx7yUpNY4hAZmLTklfcpJYopT6KknMoZYyu6Idu48G6TE57nWY9j0Y/B+xK\n9MarqdPBHEmmdnx2KRjUL0xJx3s0OiEgPQPrKkWPzHYpR2G5bgITX4HrKheMwMr3\nWyYwxZ9vzu5bdQSKnwa8QQiW3eG0gmSxcwg02p5CaHLFyO89w53/j35d+YSMiBO+\nG4gtT4h3UTIdmmX3WSJ694PT0ja3gpZll5nBK+8x9dkC5S6Sk96mLNxJlB8CAwEA\nAQKCAgAF8arOh9hGsn0udfqRWh9CZnysVVQ/IBv+T21QQ0cFwY7gV7uXNxoO1tuo\noXPG3YQsE+LwdiS8m4bc0wZ7dyHkwdzRZvhvN+DuYSZHo1+7UDS5jAgnP02rF3dt\nVBvAKLYL5TTfDVJjhqwtgLg8PQI4DMQNH3QDH5i04VU+92MluzcFgzEx3NRToZm7\nXRa1Xsj1TTwUCS/MxDomsKjoWSHfbzoNCqw9o5haqHF2LI+meWQiIjvxIggckGza\nlv9khUiRQoeHgPYT0e0/eCyxf+07sUDEbeyZpUUFgKF7ziw0pLS53wDZb/upkb6S\npXuegupU6GMzapHGTxs6jbjVeQ3QktZOBYLbPI8GBQG2qCErn8K1OXSI3+0XexxM\npkutnlTm7E8XpPLNGx8hiQLtPR+Fu30tPEMo7T261S+IZyQ3LcJi7jTGJC2FcNXo\nvxvsDLVcf9p0CYAJBllSdtYDH1xjdDiAVZSqdVs9dWCYtvyg4Dqf0QkhzKXotqRb\nAdhcnXyp2EE2o5kZ/mOfgU3KatTFHr9dAVFbSX1S3wDe98Ej+eCG6UAEWpXdGgD4\nwLrUyTht77xTNJmYezE7LLj5XK++6DwwpUvFEJe+qTSLOGBLBmbdVI+2i1F9jrVS\nHIS33FV86IgRdTltvoS+KK4bYSN9JGXU55kIz52GBbveY8+u5QKCAQEA8bRMsnpa\nAIU/O2DdaAn6ZElMNR0cJeoVNlFd6DX4VnZnzwZxWzKeM3LOEV9LIw3pH8Pz6aEk\nazmEFGV6MhfrXF//eqtOvgWb2GcaV33m7raimR4A2ICtgoySa0lGtHjR1F8SzQ1Z\n8O18ko6iW/ZrS/e6htpsvk8t31q2zR3d40/SyJ+V7NIidnPQRShM7tqKxXCCVf5b\nPkSSnbFXQEwXshaBVViaDWtwr8R0WSyGwxxjtYs7rYooVYbmoqyP4dlyQncVSm/t\nxD/GlVT/1FjXQgKPjKxdRQPUS3cjTk9pf3w2silqTiKeVNHbXC/KvlVZe2L2y19k\n/GpOwDZtLpBYIwKCAQEA1+48mZpzB4Wptx2JgTMO4TRyu662bPmBvpjZ/lltrDg3\nBGbv/t0uf8uQD56IS542Rv0EizPR3RMUxK1hf3kuoRj568dci+434t1JOcqlj8LC\nAQoXdqirIHX0hCKwA0tYq5p2RFVSwbtzTzxVCP/TJCjv2FPsJduICqPU/K2sSnex\nbLHYwZZPCHAvG0BM/1ApaipfEseM8PMuTF5WnKrAKJPc7StIbDtpmG+FUSNiWEIg\nqQhKac8ytgpAbnkY25nYtvv4YE4AWOetrBUlWswbuz7JhTOCYQsYE79YR5Q+eEBG\n5n+4wgf2PMjnl3VtWgw1k0ZFlGI4ob4ecfx1Mts11QKCAQBGkTtrSGmKiVyiu28o\n9vDR4syLHUqgjy1ORIdESq2MoNlCCkGCPM8Pek9LpyTKwT709UL7TP7TB2HWiqIY\nif8/Yw+2AtnkhMKxdbitHqcTvuLODYJ1s2v1F5GQHT61Zijs9i0JDQLbYpriNx6T\n9ufwsA0XXiItlfRwp42DaVrlCOMji+Q71kYVi06dQlzjx46IgoarEK4XCfI8dBBj\nR1QLvKJaBppDnMCzsIm/l05pHJrH4DS2QAXyooYnrHX9nHzNhvMCXpdumqgh5UUj\n/CQss46xpYk9oxaSSeBW9rx4ag2WCp1s3pKXdQW0boek9ko/ye8ABYP4ZhlD6SAL\nXj09AoIBACympwFcXsz/Zsjm4rhExp7rKY6F4lNGhP3Uvb9K3tLuDPJsFtStCCCF\nB5UzQxvf63lieL4QSSVd/L1u3OpvNKU7dPK8lvaYnBXdjHbW4MWJkHSGkbOHzVs5\nCQcJ5TvJKNzTZAFdY2+MQ5vu7eaegBrKHE6vi/WIH+mTV0eo4ifD+HxxilD9s/oa\nuKL5+PISsX2ypVZMzWhF4R0JpP9gj7vUV6rzeFZpMrzC0t6kYoG9quNJQ5n9ro7W\nL9yoTeubNKUiFYpUlt3Liq468S6FZnah1SomLJ/Em4X521dx4DkdkYu4fYwh+Vk4\ncitvrN0iCTIbJeg5J1zK46DOg62whsECggEAbmxqHt/ot9kMi3+0PSdVWM7YnBpt\ng4p4PbIAGD1w5gv6X4jw9X/mMekYKVOH+yOzZMWuhoHiDZaplqx7smuRIsCIwx6m\nBbY3D6ujQNa0rkdnuypouhsd5/o9tb4NoEdNXxx/mT68glpaLH/tnDpDSzxbJZJd\nCn7j591g0txoWDXKzPH3jJpZiKwfut3HJMQRIVPz3RSPt+LNeFDYXJFLl/o9HYa8\nNH9L3+0YTtoj5uGAc8o3m8qluy/LgBEm8l7Y52tMrSLtTrjgbWF8XC8iybtmN5n3\nfgKNFzSh+16V3fVV5/HccNFEfuGnB0noaMsfDUe9Vp3Oe4hbto8pZU6GUw==\n-----END RSA PRIVATE KEY-----\n",
            "content_base64": null,
            "content_base64sha256": "OpDcXcDe2SBm7jdSzOFh5cE73pR1nXVZcWjGO3Z6Fg4=",
            "content_base64sha512": "buezoeFu0mA4+4i+kiMtfC00jJHcb5Gt3KzTMRmCbFQLhXt3EE4Q0vT1bM8lID0+NXMyHXxy2suRO+i5qocXbA==",
            "content_md5": "f4ec0a38c0216a3e75bf58f29ecdca0c",
            "content_sha1": "738272506ebe926236245882a66b385b1df53838",
            "content_sha256": "3a90dc5dc0ded92066ee3752cce161e5c13bde94759d75597168c63b767a160e",
            "content_sha512": "6ee7b3a1e16ed26038fb88be92232d7c2d348c91dc6f91addcacd33119826c540b857b77104e10d2f4f56ccf25203d3e3573321d7c72dacb913be8b9aa87176c",
            "directory_permission": "0777",
            "file_permission": "0600",
            "filename": "app-server.pem",
            "id": "738272506ebe926236245882a66b385b1df53838",
            "sensitive_content": null,
            "source": null
          },
          "sensitive_attributes": [
            [
              {
                "type": "get_attr",
                "value": "content"
              }
            ],
            [
              {
                "type": "get_attr",
                "value": "sensitive_content"
              }
            ]
          ],
          "identity_schema_version": 0,
          "dependencies": [
            "tls_private_key.app_ssh"
          ]
        }
      ]
    },
    {
      "mode": "managed",
      "type": "tls_private_key",
      "name": "app_ssh",
      "provider": "provider[\"registry.terraform.io/hashicorp/tls\"]",
      "instances": [
        {
          "schema_version": 1,
          "attributes": {
            "algorithm": "RSA",
            "ecdsa_curve": "P224",
            "id": "c914e2992fd14257ca95e4c8fd5923cfd7dcc06e",
            "private_key_openssh": "-----BEGIN OPENSSH PRIVATE KEY-----\nb3BlbnNzaC1rZXktdjEAAAAABG5vbmUAAAAEbm9uZQAAAAAAAAABAAACFwAAAAdz\nc2gtcnNhAAAAAwEAAQAAAgEAy99bQHs+ErCOrfE7Bpcg2GuYCTxfQagSsCN/kne1\nAPm2PIqPRxQerpIOxG0ToCfr4nqsFTTTv+MGi4JhBVkBOOdCi+OTKfs90hMIY8sz\nKO5FW78dWy3rsn+km9WKKYzeiafdc1cmJBMzEs0aP+CjmDN2AYhLsbj1y/WeyAGa\n6E2hFuYLh4fSFKG5U5LTqm/BKsvEs7el3xb75xBSmAQxHJvPQA/2nBkCHE39sqmH\nlewMGfzAAN8tTmQJ/yrUjtbbu8ztIIK5UwR/UqmqDw/QUwq9VtxsiSPSOsBxkHUv\n71SMl9KrTyv2ZpwjgwPoVHEZyzX+f/1EARCXa64ewGvojj9wRE9NfR/s7D9EcoKo\n7BT1uIgS42ex0WOdEHGMPQ4JiBUZx+mlrcJEeKYTSE7EXwGthS7KzhkjQcqWCL4N\nMJoowYfQPIuh2Bx7yUpNY4hAZmLTklfcpJYopT6KknMoZYyu6Idu48G6TE57nWY9\nj0Y/B+xK9MarqdPBHEmmdnx2KRjUL0xJx3s0OiEgPQPrKkWPzHYpR2G5bgITX4Hr\nKheMwMr3WyYwxZ9vzu5bdQSKnwa8QQiW3eG0gmSxcwg02p5CaHLFyO89w53/j35d\n+YSMiBO+G4gtT4h3UTIdmmX3WSJ694PT0ja3gpZll5nBK+8x9dkC5S6Sk96mLNxJ\nlB8AAAc4pTUKpqU1CqYAAAAHc3NoLXJzYQAAAgEAy99bQHs+ErCOrfE7Bpcg2GuY\nCTxfQagSsCN/kne1APm2PIqPRxQerpIOxG0ToCfr4nqsFTTTv+MGi4JhBVkBOOdC\ni+OTKfs90hMIY8szKO5FW78dWy3rsn+km9WKKYzeiafdc1cmJBMzEs0aP+CjmDN2\nAYhLsbj1y/WeyAGa6E2hFuYLh4fSFKG5U5LTqm/BKsvEs7el3xb75xBSmAQxHJvP\nQA/2nBkCHE39sqmHlewMGfzAAN8tTmQJ/yrUjtbbu8ztIIK5UwR/UqmqDw/QUwq9\nVtxsiSPSOsBxkHUv71SMl9KrTyv2ZpwjgwPoVHEZyzX+f/1EARCXa64ewGvojj9w\nRE9NfR/s7D9EcoKo7BT1uIgS42ex0WOdEHGMPQ4JiBUZx+mlrcJEeKYTSE7EXwGt\nhS7KzhkjQcqWCL4NMJoowYfQPIuh2Bx7yUpNY4hAZmLTklfcpJYopT6KknMoZYyu\n6Idu48G6TE57nWY9j0Y/B+xK9MarqdPBHEmmdnx2KRjUL0xJx3s0OiEgPQPrKkWP\nzHYpR2G5bgITX4HrKheMwMr3WyYwxZ9vzu5bdQSKnwa8QQiW3eG0gmSxcwg02p5C\naHLFyO89w53/j35d+YSMiBO+G4gtT4h3UTIdmmX3WSJ694PT0ja3gpZll5nBK+8x\n9dkC5S6Sk96mLNxJlB8AAAADAQABAAACAAXxqs6H2EayfS51+pFaH0JmfKxVVD8g\nG/5PbVBDRwXBjuBXu5c3Gg7W26ihc8bdhCwT4vB2JLybhtzTBnt3IeTB3NFm+G83\n4O5hJkejX7tQNLmMCCc/TasXd21UG8AotgvlNN8NUmOGrC2AuDw9AjgMxA0fdAMf\nmLThVT73YyW7NwWDMTHc1FOhmbtdFrVeyPVNPBQJL8zEOiawqOhZId9vOg0KrD2j\nmFqocXYsj6Z5ZCIiO/EiCByQbNqW/2SFSJFCh4eA9hPR7T94LLF/7TuxQMRt7Jml\nRQWAoXvOLDSktLnfANlv+6mRvpKle56C6lToYzNqkcZPGzqNuNV5DdCS1k4Fgts8\njwYFAbaoISufwrU5dIjf7Rd7HEymS62eVObsTxek8s0bHyGJAu09H4W7fS08Qyjt\nPbrVL4hnJDctwmLuNMYkLYVw1ei/G+wMtVx/2nQJgAkGWVJ21gMfXGN0OIBVlKp1\nWz11YJi2/KDgOp/RCSHMpei2pFsB2FydfKnYQTajmRn+Y5+BTcpq1MUev10BUVtJ\nfVLfAN73wSP54IbpQARald0aAPjAutTJOG3vvFM0mZh7MTssuPlcr77oPDClS8UQ\nl76pNIs4YEsGZt1Uj7aLUX2OtVIchLfcVXzoiBF1OW2+hL4orhthI30kZdTnmQjP\nnYYFu95jz67lAAABAG5sah7f6LfZDIt/tD0nVVjO2JwabYOKeD2yABg9cOYL+l+I\n8PV/5jHpGClTh/sjs2TFroaB4g2WqZase7JrkSLAiMMepgW2Nw+ro0DWtK5HZ7sq\naLobHef6PbW+DaBHTV8cf5k+vIJaWix/7Zw6Q0s8WyWSXQp+4+fdYNLcaFg1yszx\n94yaWYisH7rdxyTEESFT890Uj7fizXhQ2FyRS5f6PR2GvDR/S9/tGE7aI+bhgHPK\nN5vKpbsvy4ARJvJe2OdrTK0i7U644G1hfFwvIsm7ZjeZ934CjRc0ofteld31Vefx\n3HDRRH7hpwdJ6GjLHw1HvVadznuIW7aPKWVOhlMAAAEBAPG0TLJ6WgCFPztg3WgJ\n+mRJTDUdHCXqFTZRXeg1+FZ2Z88GcVsynjNyzhFfSyMN6R/D8+mhJGs5hBRlejIX\n61xf/3qrTr4Fm9hnGld95u62opkeANiArYKMkmtJRrR40dRfEs0NWfDtfJKOolv2\na0v3uobabL5PLd9ats0d3eNP0siflezSInZz0EUoTO7aisVwglX+Wz5Ekp2xV0BM\nF7IWgVVYmg1rcK/EdFkshsMcY7WLO62KKFWG5qKsj+HZckJ3FUpv7cQ/xpVU/9RY\n10ICj4ysXUUD1Et3I05PaX98NrIpak4inlTR21wvyr5VWXti9stfZPxqTsA2bS6Q\nWCMAAAEBANfuPJmacweFqbcdiYEzDuE0cruutmz5gb6Y2f5Zbaw4NwRm7/7dLn/L\nkA+eiEueNkb9BIsz0d0TFMStYX95LqEY+evHXIvuN+LdSTnKpY/CwgEKF3aoqyB1\n9IQisANLWKuadkRVUsG7c088VQj/0yQo79hT7CXbiAqj1PytrEp3sWyx2MGWTwhw\nLxtATP9QKWoqXxLHjPDzLkxeVpyqwCiT3O0rSGw7aZhvhVEjYlhCIKkISmnPMrYK\nQG55GNuZ2Lb7+GBOAFjnrawVJVrMG7s+yYUzgmELGBO/WEeUPnhARuZ/uMIH9jzI\n55d1bVoMNZNGRZRiOKG+HnH8dTLbNdUAAAAAAQID\n-----END OPENSSH PRIVATE KEY-----\n",
            "private_key_pem": "-----BEGIN RSA PRIVATE KEY-----\nMIIJJwIBAAKCAgEAy99bQHs+ErCOrfE7Bpcg2GuYCTxfQagSsCN/kne1APm2PIqP\nRxQerpIOxG0ToCfr4nqsFTTTv+MGi4JhBVkBOOdCi+OTKfs90hMIY8szKO5FW78d\nWy3rsn+km9WKKYzeiafdc1cmJBMzEs0aP+CjmDN2AYhLsbj1y/WeyAGa6E2hFuYL\nh4fSFKG5U5LTqm/BKsvEs7el3xb75xBSmAQxHJvPQA/2nBkCHE39sqmHlewMGfzA\nAN8tTmQJ/yrUjtbbu8ztIIK5UwR/UqmqDw/QUwq9VtxsiSPSOsBxkHUv71SMl9Kr\nTyv2ZpwjgwPoVHEZyzX+f/1EARCXa64ewGvojj9wRE9NfR/s7D9EcoKo7BT1uIgS\n42ex0WOdEHGMPQ4JiBUZx+mlrcJEeKYTSE7EXwGthS7KzhkjQcqWCL4NMJoowYfQ\nPIuh2Bx7yUpNY4hAZmLTklfcpJYopT6KknMoZYyu6Idu48G6TE57nWY9j0Y/B+xK\n9MarqdPBHEmmdnx2KRjUL0xJx3s0OiEgPQPrKkWPzHYpR2G5bgITX4HrKheMwMr3\nWyYwxZ9vzu5bdQSKnwa8QQiW3eG0gmSxcwg02p5CaHLFyO89w53/j35d+YSMiBO+\nG4gtT4h3UTIdmmX3WSJ694PT0ja3gpZll5nBK+8x9dkC5S6Sk96mLNxJlB8CAwEA\nAQKCAgAF8arOh9hGsn0udfqRWh9CZnysVVQ/IBv+T21QQ0cFwY7gV7uXNxoO1tuo\noXPG3YQsE+LwdiS8m4bc0wZ7dyHkwdzRZvhvN+DuYSZHo1+7UDS5jAgnP02rF3dt\nVBvAKLYL5TTfDVJjhqwtgLg8PQI4DMQNH3QDH5i04VU+92MluzcFgzEx3NRToZm7\nXRa1Xsj1TTwUCS/MxDomsKjoWSHfbzoNCqw9o5haqHF2LI+meWQiIjvxIggckGza\nlv9khUiRQoeHgPYT0e0/eCyxf+07sUDEbeyZpUUFgKF7ziw0pLS53wDZb/upkb6S\npXuegupU6GMzapHGTxs6jbjVeQ3QktZOBYLbPI8GBQG2qCErn8K1OXSI3+0XexxM\npkutnlTm7E8XpPLNGx8hiQLtPR+Fu30tPEMo7T261S+IZyQ3LcJi7jTGJC2FcNXo\nvxvsDLVcf9p0CYAJBllSdtYDH1xjdDiAVZSqdVs9dWCYtvyg4Dqf0QkhzKXotqRb\nAdhcnXyp2EE2o5kZ/mOfgU3KatTFHr9dAVFbSX1S3wDe98Ej+eCG6UAEWpXdGgD4\nwLrUyTht77xTNJmYezE7LLj5XK++6DwwpUvFEJe+qTSLOGBLBmbdVI+2i1F9jrVS\nHIS33FV86IgRdTltvoS+KK4bYSN9JGXU55kIz52GBbveY8+u5QKCAQEA8bRMsnpa\nAIU/O2DdaAn6ZElMNR0cJeoVNlFd6DX4VnZnzwZxWzKeM3LOEV9LIw3pH8Pz6aEk\nazmEFGV6MhfrXF//eqtOvgWb2GcaV33m7raimR4A2ICtgoySa0lGtHjR1F8SzQ1Z\n8O18ko6iW/ZrS/e6htpsvk8t31q2zR3d40/SyJ+V7NIidnPQRShM7tqKxXCCVf5b\nPkSSnbFXQEwXshaBVViaDWtwr8R0WSyGwxxjtYs7rYooVYbmoqyP4dlyQncVSm/t\nxD/GlVT/1FjXQgKPjKxdRQPUS3cjTk9pf3w2silqTiKeVNHbXC/KvlVZe2L2y19k\n/GpOwDZtLpBYIwKCAQEA1+48mZpzB4Wptx2JgTMO4TRyu662bPmBvpjZ/lltrDg3\nBGbv/t0uf8uQD56IS542Rv0EizPR3RMUxK1hf3kuoRj568dci+434t1JOcqlj8LC\nAQoXdqirIHX0hCKwA0tYq5p2RFVSwbtzTzxVCP/TJCjv2FPsJduICqPU/K2sSnex\nbLHYwZZPCHAvG0BM/1ApaipfEseM8PMuTF5WnKrAKJPc7StIbDtpmG+FUSNiWEIg\nqQhKac8ytgpAbnkY25nYtvv4YE4AWOetrBUlWswbuz7JhTOCYQsYE79YR5Q+eEBG\n5n+4wgf2PMjnl3VtWgw1k0ZFlGI4ob4ecfx1Mts11QKCAQBGkTtrSGmKiVyiu28o\n9vDR4syLHUqgjy1ORIdESq2MoNlCCkGCPM8Pek9LpyTKwT709UL7TP7TB2HWiqIY\nif8/Yw+2AtnkhMKxdbitHqcTvuLODYJ1s2v1F5GQHT61Zijs9i0JDQLbYpriNx6T\n9ufwsA0XXiItlfRwp42DaVrlCOMji+Q71kYVi06dQlzjx46IgoarEK4XCfI8dBBj\nR1QLvKJaBppDnMCzsIm/l05pHJrH4DS2QAXyooYnrHX9nHzNhvMCXpdumqgh5UUj\n/CQss46xpYk9oxaSSeBW9rx4ag2WCp1s3pKXdQW0boek9ko/ye8ABYP4ZhlD6SAL\nXj09AoIBACympwFcXsz/Zsjm4rhExp7rKY6F4lNGhP3Uvb9K3tLuDPJsFtStCCCF\nB5UzQxvf63lieL4QSSVd/L1u3OpvNKU7dPK8lvaYnBXdjHbW4MWJkHSGkbOHzVs5\nCQcJ5TvJKNzTZAFdY2+MQ5vu7eaegBrKHE6vi/WIH+mTV0eo4ifD+HxxilD9s/oa\nuKL5+PISsX2ypVZMzWhF4R0JpP9gj7vUV6rzeFZpMrzC0t6kYoG9quNJQ5n9ro7W\nL9yoTeubNKUiFYpUlt3Liq468S6FZnah1SomLJ/Em4X521dx4DkdkYu4fYwh+Vk4\ncitvrN0iCTIbJeg5J1zK46DOg62whsECggEAbmxqHt/ot9kMi3+0PSdVWM7YnBpt\ng4p4PbIAGD1w5gv6X4jw9X/mMekYKVOH+yOzZMWuhoHiDZaplqx7smuRIsCIwx6m\nBbY3D6ujQNa0rkdnuypouhsd5/o9tb4NoEdNXxx/mT68glpaLH/tnDpDSzxbJZJd\nCn7j591g0txoWDXKzPH3jJpZiKwfut3HJMQRIVPz3RSPt+LNeFDYXJFLl/o9HYa8\nNH9L3+0YTtoj5uGAc8o3m8qluy/LgBEm8l7Y52tMrSLtTrjgbWF8XC8iybtmN5n3\nfgKNFzSh+16V3fVV5/HccNFEfuGnB0noaMsfDUe9Vp3Oe4hbto8pZU6GUw==\n-----END RSA PRIVATE KEY-----\n",
            "private_key_pem_pkcs8": "-----BEGIN PRIVATE KEY-----\nMIIJQQIBADANBgkqhkiG9w0BAQEFAASCCSswggknAgEAAoICAQDL31tAez4SsI6t\n8TsGlyDYa5gJPF9BqBKwI3+Sd7UA+bY8io9HFB6ukg7EbROgJ+vieqwVNNO/4waL\ngmEFWQE450KL45Mp+z3SEwhjyzMo7kVbvx1bLeuyf6Sb1YopjN6Jp91zVyYkEzMS\nzRo/4KOYM3YBiEuxuPXL9Z7IAZroTaEW5guHh9IUoblTktOqb8Eqy8Szt6XfFvvn\nEFKYBDEcm89AD/acGQIcTf2yqYeV7AwZ/MAA3y1OZAn/KtSO1tu7zO0ggrlTBH9S\nqaoPD9BTCr1W3GyJI9I6wHGQdS/vVIyX0qtPK/ZmnCODA+hUcRnLNf5//UQBEJdr\nrh7Aa+iOP3BET019H+zsP0RygqjsFPW4iBLjZ7HRY50QcYw9DgmIFRnH6aWtwkR4\nphNITsRfAa2FLsrOGSNBypYIvg0wmijBh9A8i6HYHHvJSk1jiEBmYtOSV9ykliil\nPoqScyhljK7oh27jwbpMTnudZj2PRj8H7Er0xqup08EcSaZ2fHYpGNQvTEnHezQ6\nISA9A+sqRY/MdilHYbluAhNfgesqF4zAyvdbJjDFn2/O7lt1BIqfBrxBCJbd4bSC\nZLFzCDTankJocsXI7z3Dnf+Pfl35hIyIE74biC1PiHdRMh2aZfdZInr3g9PSNreC\nlmWXmcEr7zH12QLlLpKT3qYs3EmUHwIDAQABAoICAAXxqs6H2EayfS51+pFaH0Jm\nfKxVVD8gG/5PbVBDRwXBjuBXu5c3Gg7W26ihc8bdhCwT4vB2JLybhtzTBnt3IeTB\n3NFm+G834O5hJkejX7tQNLmMCCc/TasXd21UG8AotgvlNN8NUmOGrC2AuDw9AjgM\nxA0fdAMfmLThVT73YyW7NwWDMTHc1FOhmbtdFrVeyPVNPBQJL8zEOiawqOhZId9v\nOg0KrD2jmFqocXYsj6Z5ZCIiO/EiCByQbNqW/2SFSJFCh4eA9hPR7T94LLF/7Tux\nQMRt7JmlRQWAoXvOLDSktLnfANlv+6mRvpKle56C6lToYzNqkcZPGzqNuNV5DdCS\n1k4Fgts8jwYFAbaoISufwrU5dIjf7Rd7HEymS62eVObsTxek8s0bHyGJAu09H4W7\nfS08QyjtPbrVL4hnJDctwmLuNMYkLYVw1ei/G+wMtVx/2nQJgAkGWVJ21gMfXGN0\nOIBVlKp1Wz11YJi2/KDgOp/RCSHMpei2pFsB2FydfKnYQTajmRn+Y5+BTcpq1MUe\nv10BUVtJfVLfAN73wSP54IbpQARald0aAPjAutTJOG3vvFM0mZh7MTssuPlcr77o\nPDClS8UQl76pNIs4YEsGZt1Uj7aLUX2OtVIchLfcVXzoiBF1OW2+hL4orhthI30k\nZdTnmQjPnYYFu95jz67lAoIBAQDxtEyyeloAhT87YN1oCfpkSUw1HRwl6hU2UV3o\nNfhWdmfPBnFbMp4zcs4RX0sjDekfw/PpoSRrOYQUZXoyF+tcX/96q06+BZvYZxpX\nfebutqKZHgDYgK2CjJJrSUa0eNHUXxLNDVnw7XySjqJb9mtL97qG2my+Ty3fWrbN\nHd3jT9LIn5Xs0iJ2c9BFKEzu2orFcIJV/ls+RJKdsVdATBeyFoFVWJoNa3CvxHRZ\nLIbDHGO1izutiihVhuairI/h2XJCdxVKb+3EP8aVVP/UWNdCAo+MrF1FA9RLdyNO\nT2l/fDayKWpOIp5U0dtcL8q+VVl7YvbLX2T8ak7ANm0ukFgjAoIBAQDX7jyZmnMH\nham3HYmBMw7hNHK7rrZs+YG+mNn+WW2sODcEZu/+3S5/y5APnohLnjZG/QSLM9Hd\nExTErWF/eS6hGPnrx1yL7jfi3Uk5yqWPwsIBChd2qKsgdfSEIrADS1irmnZEVVLB\nu3NPPFUI/9MkKO/YU+wl24gKo9T8raxKd7FssdjBlk8IcC8bQEz/UClqKl8Sx4zw\n8y5MXlacqsAok9ztK0hsO2mYb4VRI2JYQiCpCEppzzK2CkBueRjbmdi2+/hgTgBY\n562sFSVazBu7PsmFM4JhCxgTv1hHlD54QEbmf7jCB/Y8yOeXdW1aDDWTRkWUYjih\nvh5x/HUy2zXVAoIBAEaRO2tIaYqJXKK7byj28NHizIsdSqCPLU5Eh0RKrYyg2UIK\nQYI8zw96T0unJMrBPvT1QvtM/tMHYdaKohiJ/z9jD7YC2eSEwrF1uK0epxO+4s4N\ngnWza/UXkZAdPrVmKOz2LQkNAttimuI3HpP25/CwDRdeIi2V9HCnjYNpWuUI4yOL\n5DvWRhWLTp1CXOPHjoiChqsQrhcJ8jx0EGNHVAu8oloGmkOcwLOwib+XTmkcmsfg\nNLZABfKihiesdf2cfM2G8wJel26aqCHlRSP8JCyzjrGliT2jFpJJ4Fb2vHhqDZYK\nnWzekpd1BbRuh6T2Sj/J7wAFg/hmGUPpIAtePT0CggEALKanAVxezP9myObiuETG\nnuspjoXiU0aE/dS9v0re0u4M8mwW1K0IIIUHlTNDG9/reWJ4vhBJJV38vW7c6m80\npTt08ryW9picFd2MdtbgxYmQdIaRs4fNWzkJBwnlO8ko3NNkAV1jb4xDm+7t5p6A\nGsocTq+L9Ygf6ZNXR6jiJ8P4fHGKUP2z+hq4ovn48hKxfbKlVkzNaEXhHQmk/2CP\nu9RXqvN4VmkyvMLS3qRigb2q40lDmf2ujtYv3KhN65s0pSIVilSW3cuKrjrxLoVm\ndqHVKiYsn8SbhfnbV3HgOR2Ri7h9jCH5WThyK2+s3SIJMhsl6DknXMrjoM6DrbCG\nwQKCAQBubGoe3+i32QyLf7Q9J1VYzticGm2Ding9sgAYPXDmC/pfiPD1f+Yx6Rgp\nU4f7I7Nkxa6GgeINlqmWrHuya5EiwIjDHqYFtjcPq6NA1rSuR2e7Kmi6Gx3n+j21\nvg2gR01fHH+ZPryCWlosf+2cOkNLPFslkl0KfuPn3WDS3GhYNcrM8feMmlmIrB+6\n3cckxBEhU/PdFI+34s14UNhckUuX+j0dhrw0f0vf7RhO2iPm4YBzyjebyqW7L8uA\nESbyXtjna0ytIu1OuOBtYXxcLyLJu2Y3mfd+Ao0XNKH7XpXd9VXn8dxw0UR+4acH\nSehoyx8NR71Wnc57iFu2jyllToZT\n-----END PRIVATE KEY-----\n",
            "public_key_fingerprint_md5": "ae:23:f8:98:c9:ca:e0:51:ad:7e:b0:db:70:a3:12:01",
            "public_key_fingerprint_sha256": "SHA256:9+Kt7FROLlMVuJFqRY9LHkasK/kZ+DrO9HANfwSs6hI",
            "public_key_openssh": "ssh-rsa AAAAB3NzaC1yc2EAAAADAQABAAACAQDL31tAez4SsI6t8TsGlyDYa5gJPF9BqBKwI3+Sd7UA+bY8io9HFB6ukg7EbROgJ+vieqwVNNO/4waLgmEFWQE450KL45Mp+z3SEwhjyzMo7kVbvx1bLeuyf6Sb1YopjN6Jp91zVyYkEzMSzRo/4KOYM3YBiEuxuPXL9Z7IAZroTaEW5guHh9IUoblTktOqb8Eqy8Szt6XfFvvnEFKYBDEcm89AD/acGQIcTf2yqYeV7AwZ/MAA3y1OZAn/KtSO1tu7zO0ggrlTBH9SqaoPD9BTCr1W3GyJI9I6wHGQdS/vVIyX0qtPK/ZmnCODA+hUcRnLNf5//UQBEJdrrh7Aa+iOP3BET019H+zsP0RygqjsFPW4iBLjZ7HRY50QcYw9DgmIFRnH6aWtwkR4phNITsRfAa2FLsrOGSNBypYIvg0wmijBh9A8i6HYHHvJSk1jiEBmYtOSV9ykliilPoqScyhljK7oh27jwbpMTnudZj2PRj8H7Er0xqup08EcSaZ2fHYpGNQvTEnHezQ6ISA9A+sqRY/MdilHYbluAhNfgesqF4zAyvdbJjDFn2/O7lt1BIqfBrxBCJbd4bSCZLFzCDTankJocsXI7z3Dnf+Pfl35hIyIE74biC1PiHdRMh2aZfdZInr3g9PSNreClmWXmcEr7zH12QLlLpKT3qYs3EmUHw==\n",
            "public_key_pem": "-----BEGIN PUBLIC KEY-----\nMIICIjANBgkqhkiG9w0BAQEFAAOCAg8AMIICCgKCAgEAy99bQHs+ErCOrfE7Bpcg\n2GuYCTxfQagSsCN/kne1APm2PIqPRxQerpIOxG0ToCfr4nqsFTTTv+MGi4JhBVkB\nOOdCi+OTKfs90hMIY8szKO5FW78dWy3rsn+km9WKKYzeiafdc1cmJBMzEs0aP+Cj\nmDN2AYhLsbj1y/WeyAGa6E2hFuYLh4fSFKG5U5LTqm/BKsvEs7el3xb75xBSmAQx\nHJvPQA/2nBkCHE39sqmHlewMGfzAAN8tTmQJ/yrUjtbbu8ztIIK5UwR/UqmqDw/Q\nUwq9VtxsiSPSOsBxkHUv71SMl9KrTyv2ZpwjgwPoVHEZyzX+f/1EARCXa64ewGvo\njj9wRE9NfR/s7D9EcoKo7BT1uIgS42ex0WOdEHGMPQ4JiBUZx+mlrcJEeKYTSE7E\nXwGthS7KzhkjQcqWCL4NMJoowYfQPIuh2Bx7yUpNY4hAZmLTklfcpJYopT6KknMo\nZYyu6Idu48G6TE57nWY9j0Y/B+xK9MarqdPBHEmmdnx2KRjUL0xJx3s0OiEgPQPr\nKkWPzHYpR2G5bgITX4HrKheMwMr3WyYwxZ9vzu5bdQSKnwa8QQiW3eG0gmSxcwg0\n2p5CaHLFyO89w53/j35d+YSMiBO+G4gtT4h3UTIdmmX3WSJ694PT0ja3gpZll5nB\nK+8x9dkC5S6Sk96mLNxJlB8CAwEAAQ==\n-----END PUBLIC KEY-----\n",
            "rsa_bits": 4096
          },
          "sensitive_attributes": [
            [
              {
                "type": "get_attr",
                "value": "private_key_openssh"
              }
            ],
            [
              {
                "type": "get_attr",
                "value": "private_key_pem"
              }
            ],
            [
              {
                "type": "get_attr",
                "value": "private_key_pem_pkcs8"
              }
            ]
          ],
          "identity_schema_version": 0
        }
      ]
    }
  ],
  "check_results": null
}
